// !$*UTF8*$!
{
	archiveVersion = 1;
	classes = {
	};
	objectVersion = 50;
	objects = {

/* Begin PBXBuildFile section */
		7502689421FF6E6B00664237 /* AppDelegate.swift in Sources */ = {isa = PBXBuildFile; fileRef = 7502689321FF6E6B00664237 /* AppDelegate.swift */; };
		7502689621FF6E6B00664237 /* ViewController.swift in Sources */ = {isa = PBXBuildFile; fileRef = 7502689521FF6E6B00664237 /* ViewController.swift */; };
		7502689921FF6E6B00664237 /* Main.storyboard in Resources */ = {isa = PBXBuildFile; fileRef = 7502689721FF6E6B00664237 /* Main.storyboard */; };
		7502689B21FF6E6C00664237 /* Assets.xcassets in Resources */ = {isa = PBXBuildFile; fileRef = 7502689A21FF6E6C00664237 /* Assets.xcassets */; };
		7502689E21FF6E6C00664237 /* LaunchScreen.storyboard in Resources */ = {isa = PBXBuildFile; fileRef = 7502689C21FF6E6C00664237 /* LaunchScreen.storyboard */; };
		750268A921FF6E6C00664237 /* AnimationCheckInTests.swift in Sources */ = {isa = PBXBuildFile; fileRef = 750268A821FF6E6C00664237 /* AnimationCheckInTests.swift */; };
		750268B421FF6E6C00664237 /* AnimationCheckInUITests.swift in Sources */ = {isa = PBXBuildFile; fileRef = 750268B321FF6E6C00664237 /* AnimationCheckInUITests.swift */; };
/* End PBXBuildFile section */

/* Begin PBXContainerItemProxy section */
		750268A521FF6E6C00664237 /* PBXContainerItemProxy */ = {
			isa = PBXContainerItemProxy;
			containerPortal = 7502688821FF6E6B00664237 /* Project object */;
			proxyType = 1;
			remoteGlobalIDString = 7502688F21FF6E6B00664237;
			remoteInfo = AnimationCheckIn;
		};
		750268B021FF6E6C00664237 /* PBXContainerItemProxy */ = {
			isa = PBXContainerItemProxy;
			containerPortal = 7502688821FF6E6B00664237 /* Project object */;
			proxyType = 1;
			remoteGlobalIDString = 7502688F21FF6E6B00664237;
			remoteInfo = AnimationCheckIn;
		};
/* End PBXContainerItemProxy section */

/* Begin PBXFileReference section */
		7502689021FF6E6B00664237 /* AnimationCheckIn.app */ = {isa = PBXFileReference; explicitFileType = wrapper.application; includeInIndex = 0; path = AnimationCheckIn.app; sourceTree = BUILT_PRODUCTS_DIR; };
		7502689321FF6E6B00664237 /* AppDelegate.swift */ = {isa = PBXFileReference; lastKnownFileType = sourcecode.swift; path = AppDelegate.swift; sourceTree = "<group>"; };
		7502689521FF6E6B00664237 /* ViewController.swift */ = {isa = PBXFileReference; lastKnownFileType = sourcecode.swift; path = ViewController.swift; sourceTree = "<group>"; };
		7502689821FF6E6B00664237 /* Base */ = {isa = PBXFileReference; lastKnownFileType = file.storyboard; name = Base; path = Base.lproj/Main.storyboard; sourceTree = "<group>"; };
		7502689A21FF6E6C00664237 /* Assets.xcassets */ = {isa = PBXFileReference; lastKnownFileType = folder.assetcatalog; path = Assets.xcassets; sourceTree = "<group>"; };
		7502689D21FF6E6C00664237 /* Base */ = {isa = PBXFileReference; lastKnownFileType = file.storyboard; name = Base; path = Base.lproj/LaunchScreen.storyboard; sourceTree = "<group>"; };
		7502689F21FF6E6C00664237 /* Info.plist */ = {isa = PBXFileReference; lastKnownFileType = text.plist.xml; path = Info.plist; sourceTree = "<group>"; };
		750268A421FF6E6C00664237 /* AnimationCheckInTests.xctest */ = {isa = PBXFileReference; explicitFileType = wrapper.cfbundle; includeInIndex = 0; path = AnimationCheckInTests.xctest; sourceTree = BUILT_PRODUCTS_DIR; };
		750268A821FF6E6C00664237 /* AnimationCheckInTests.swift */ = {isa = PBXFileReference; lastKnownFileType = sourcecode.swift; path = AnimationCheckInTests.swift; sourceTree = "<group>"; };
		750268AA21FF6E6C00664237 /* Info.plist */ = {isa = PBXFileReference; lastKnownFileType = text.plist.xml; path = Info.plist; sourceTree = "<group>"; };
		750268AF21FF6E6C00664237 /* AnimationCheckInUITests.xctest */ = {isa = PBXFileReference; explicitFileType = wrapper.cfbundle; includeInIndex = 0; path = AnimationCheckInUITests.xctest; sourceTree = BUILT_PRODUCTS_DIR; };
		750268B321FF6E6C00664237 /* AnimationCheckInUITests.swift */ = {isa = PBXFileReference; lastKnownFileType = sourcecode.swift; path = AnimationCheckInUITests.swift; sourceTree = "<group>"; };
		750268B521FF6E6C00664237 /* Info.plist */ = {isa = PBXFileReference; lastKnownFileType = text.plist.xml; path = Info.plist; sourceTree = "<group>"; };
/* End PBXFileReference section */

/* Begin PBXFrameworksBuildPhase section */
		7502688D21FF6E6B00664237 /* Frameworks */ = {
			isa = PBXFrameworksBuildPhase;
			buildActionMask = 2147483647;
			files = (
			);
			runOnlyForDeploymentPostprocessing = 0;
		};
		750268A121FF6E6C00664237 /* Frameworks */ = {
			isa = PBXFrameworksBuildPhase;
			buildActionMask = 2147483647;
			files = (
			);
			runOnlyForDeploymentPostprocessing = 0;
		};
		750268AC21FF6E6C00664237 /* Frameworks */ = {
			isa = PBXFrameworksBuildPhase;
			buildActionMask = 2147483647;
			files = (
			);
			runOnlyForDeploymentPostprocessing = 0;
		};
/* End PBXFrameworksBuildPhase section */

/* Begin PBXGroup section */
		7502688721FF6E6B00664237 = {
			isa = PBXGroup;
			children = (
				7502689221FF6E6B00664237 /* AnimationCheckIn */,
				750268A721FF6E6C00664237 /* AnimationCheckInTests */,
				750268B221FF6E6C00664237 /* AnimationCheckInUITests */,
				7502689121FF6E6B00664237 /* Products */,
			);
			sourceTree = "<group>";
		};
		7502689121FF6E6B00664237 /* Products */ = {
			isa = PBXGroup;
			children = (
				7502689021FF6E6B00664237 /* AnimationCheckIn.app */,
				750268A421FF6E6C00664237 /* AnimationCheckInTests.xctest */,
				750268AF21FF6E6C00664237 /* AnimationCheckInUITests.xctest */,
			);
			name = Products;
			sourceTree = "<group>";
		};
		7502689221FF6E6B00664237 /* AnimationCheckIn */ = {
			isa = PBXGroup;
			children = (
				7502689321FF6E6B00664237 /* AppDelegate.swift */,
				7502689521FF6E6B00664237 /* ViewController.swift */,
				7502689721FF6E6B00664237 /* Main.storyboard */,
				7502689A21FF6E6C00664237 /* Assets.xcassets */,
				7502689C21FF6E6C00664237 /* LaunchScreen.storyboard */,
				7502689F21FF6E6C00664237 /* Info.plist */,
			);
			path = AnimationCheckIn;
			sourceTree = "<group>";
		};
		750268A721FF6E6C00664237 /* AnimationCheckInTests */ = {
			isa = PBXGroup;
			children = (
				750268A821FF6E6C00664237 /* AnimationCheckInTests.swift */,
				750268AA21FF6E6C00664237 /* Info.plist */,
			);
			path = AnimationCheckInTests;
			sourceTree = "<group>";
		};
		750268B221FF6E6C00664237 /* AnimationCheckInUITests */ = {
			isa = PBXGroup;
			children = (
				750268B321FF6E6C00664237 /* AnimationCheckInUITests.swift */,
				750268B521FF6E6C00664237 /* Info.plist */,
			);
			path = AnimationCheckInUITests;
			sourceTree = "<group>";
		};
/* End PBXGroup section */

/* Begin PBXNativeTarget section */
		7502688F21FF6E6B00664237 /* AnimationCheckIn */ = {
			isa = PBXNativeTarget;
			buildConfigurationList = 750268B821FF6E6C00664237 /* Build configuration list for PBXNativeTarget "AnimationCheckIn" */;
			buildPhases = (
				7502688C21FF6E6B00664237 /* Sources */,
				7502688D21FF6E6B00664237 /* Frameworks */,
				7502688E21FF6E6B00664237 /* Resources */,
			);
			buildRules = (
			);
			dependencies = (
			);
			name = AnimationCheckIn;
			productName = AnimationCheckIn;
			productReference = 7502689021FF6E6B00664237 /* AnimationCheckIn.app */;
			productType = "com.apple.product-type.application";
		};
		750268A321FF6E6C00664237 /* AnimationCheckInTests */ = {
			isa = PBXNativeTarget;
			buildConfigurationList = 750268BB21FF6E6C00664237 /* Build configuration list for PBXNativeTarget "AnimationCheckInTests" */;
			buildPhases = (
				750268A021FF6E6C00664237 /* Sources */,
				750268A121FF6E6C00664237 /* Frameworks */,
				750268A221FF6E6C00664237 /* Resources */,
			);
			buildRules = (
			);
			dependencies = (
				750268A621FF6E6C00664237 /* PBXTargetDependency */,
			);
			name = AnimationCheckInTests;
			productName = AnimationCheckInTests;
			productReference = 750268A421FF6E6C00664237 /* AnimationCheckInTests.xctest */;
			productType = "com.apple.product-type.bundle.unit-test";
		};
		750268AE21FF6E6C00664237 /* AnimationCheckInUITests */ = {
			isa = PBXNativeTarget;
			buildConfigurationList = 750268BE21FF6E6C00664237 /* Build configuration list for PBXNativeTarget "AnimationCheckInUITests" */;
			buildPhases = (
				750268AB21FF6E6C00664237 /* Sources */,
				750268AC21FF6E6C00664237 /* Frameworks */,
				750268AD21FF6E6C00664237 /* Resources */,
			);
			buildRules = (
			);
			dependencies = (
				750268B121FF6E6C00664237 /* PBXTargetDependency */,
			);
			name = AnimationCheckInUITests;
			productName = AnimationCheckInUITests;
			productReference = 750268AF21FF6E6C00664237 /* AnimationCheckInUITests.xctest */;
			productType = "com.apple.product-type.bundle.ui-testing";
		};
/* End PBXNativeTarget section */

/* Begin PBXProject section */
		7502688821FF6E6B00664237 /* Project object */ = {
			isa = PBXProject;
			attributes = {
				LastSwiftUpdateCheck = 1000;
				LastUpgradeCheck = 1000;
				ORGANIZATIONNAME = "Alfredo Barragan";
				TargetAttributes = {
					7502688F21FF6E6B00664237 = {
						CreatedOnToolsVersion = 10.0;
					};
					750268A321FF6E6C00664237 = {
						CreatedOnToolsVersion = 10.0;
						TestTargetID = 7502688F21FF6E6B00664237;
					};
					750268AE21FF6E6C00664237 = {
						CreatedOnToolsVersion = 10.0;
						TestTargetID = 7502688F21FF6E6B00664237;
					};
				};
			};
			buildConfigurationList = 7502688B21FF6E6B00664237 /* Build configuration list for PBXProject "AnimationCheckIn" */;
			compatibilityVersion = "Xcode 9.3";
			developmentRegion = en;
			hasScannedForEncodings = 0;
			knownRegions = (
				en,
				Base,
			);
			mainGroup = 7502688721FF6E6B00664237;
			productRefGroup = 7502689121FF6E6B00664237 /* Products */;
			projectDirPath = "";
			projectRoot = "";
			targets = (
				7502688F21FF6E6B00664237 /* AnimationCheckIn */,
				750268A321FF6E6C00664237 /* AnimationCheckInTests */,
				750268AE21FF6E6C00664237 /* AnimationCheckInUITests */,
			);
		};
/* End PBXProject section */

/* Begin PBXResourcesBuildPhase section */
		7502688E21FF6E6B00664237 /* Resources */ = {
			isa = PBXResourcesBuildPhase;
			buildActionMask = 2147483647;
			files = (
				7502689E21FF6E6C00664237 /* LaunchScreen.storyboard in Resources */,
				7502689B21FF6E6C00664237 /* Assets.xcassets in Resources */,
				7502689921FF6E6B00664237 /* Main.storyboard in Resources */,
			);
			runOnlyForDeploymentPostprocessing = 0;
		};
		750268A221FF6E6C00664237 /* Resources */ = {
			isa = PBXResourcesBuildPhase;
			buildActionMask = 2147483647;
			files = (
			);
			runOnlyForDeploymentPostprocessing = 0;
		};
		750268AD21FF6E6C00664237 /* Resources */ = {
			isa = PBXResourcesBuildPhase;
			buildActionMask = 2147483647;
			files = (
			);
			runOnlyForDeploymentPostprocessing = 0;
		};
/* End PBXResourcesBuildPhase section */

/* Begin PBXSourcesBuildPhase section */
		7502688C21FF6E6B00664237 /* Sources */ = {
			isa = PBXSourcesBuildPhase;
			buildActionMask = 2147483647;
			files = (
				7502689621FF6E6B00664237 /* ViewController.swift in Sources */,
				7502689421FF6E6B00664237 /* AppDelegate.swift in Sources */,
			);
			runOnlyForDeploymentPostprocessing = 0;
		};
		750268A021FF6E6C00664237 /* Sources */ = {
			isa = PBXSourcesBuildPhase;
			buildActionMask = 2147483647;
			files = (
				750268A921FF6E6C00664237 /* AnimationCheckInTests.swift in Sources */,
			);
			runOnlyForDeploymentPostprocessing = 0;
		};
		750268AB21FF6E6C00664237 /* Sources */ = {
			isa = PBXSourcesBuildPhase;
			buildActionMask = 2147483647;
			files = (
				750268B421FF6E6C00664237 /* AnimationCheckInUITests.swift in Sources */,
			);
			runOnlyForDeploymentPostprocessing = 0;
		};
/* End PBXSourcesBuildPhase section */

/* Begin PBXTargetDependency section */
		750268A621FF6E6C00664237 /* PBXTargetDependency */ = {
			isa = PBXTargetDependency;
			target = 7502688F21FF6E6B00664237 /* AnimationCheckIn */;
			targetProxy = 750268A521FF6E6C00664237 /* PBXContainerItemProxy */;
		};
		750268B121FF6E6C00664237 /* PBXTargetDependency */ = {
			isa = PBXTargetDependency;
			target = 7502688F21FF6E6B00664237 /* AnimationCheckIn */;
			targetProxy = 750268B021FF6E6C00664237 /* PBXContainerItemProxy */;
		};
/* End PBXTargetDependency section */

/* Begin PBXVariantGroup section */
		7502689721FF6E6B00664237 /* Main.storyboard */ = {
			isa = PBXVariantGroup;
			children = (
				7502689821FF6E6B00664237 /* Base */,
			);
			name = Main.storyboard;
			sourceTree = "<group>";
		};
		7502689C21FF6E6C00664237 /* LaunchScreen.storyboard */ = {
			isa = PBXVariantGroup;
			children = (
				7502689D21FF6E6C00664237 /* Base */,
			);
			name = LaunchScreen.storyboard;
			sourceTree = "<group>";
		};
/* End PBXVariantGroup section */

/* Begin XCBuildConfiguration section */
		750268B621FF6E6C00664237 /* Debug */ = {
			isa = XCBuildConfiguration;
			buildSettings = {
				ALWAYS_SEARCH_USER_PATHS = NO;
				CLANG_ANALYZER_NONNULL = YES;
				CLANG_ANALYZER_NUMBER_OBJECT_CONVERSION = YES_AGGRESSIVE;
				CLANG_CXX_LANGUAGE_STANDARD = "gnu++14";
				CLANG_CXX_LIBRARY = "libc++";
				CLANG_ENABLE_MODULES = YES;
				CLANG_ENABLE_OBJC_ARC = YES;
				CLANG_ENABLE_OBJC_WEAK = YES;
				CLANG_WARN_BLOCK_CAPTURE_AUTORELEASING = YES;
				CLANG_WARN_BOOL_CONVERSION = YES;
				CLANG_WARN_COMMA = YES;
				CLANG_WARN_CONSTANT_CONVERSION = YES;
				CLANG_WARN_DEPRECATED_OBJC_IMPLEMENTATIONS = YES;
				CLANG_WARN_DIRECT_OBJC_ISA_USAGE = YES_ERROR;
				CLANG_WARN_DOCUMENTATION_COMMENTS = YES;
				CLANG_WARN_EMPTY_BODY = YES;
				CLANG_WARN_ENUM_CONVERSION = YES;
				CLANG_WARN_INFINITE_RECURSION = YES;
				CLANG_WARN_INT_CONVERSION = YES;
				CLANG_WARN_NON_LITERAL_NULL_CONVERSION = YES;
				CLANG_WARN_OBJC_IMPLICIT_RETAIN_SELF = YES;
				CLANG_WARN_OBJC_LITERAL_CONVERSION = YES;
				CLANG_WARN_OBJC_ROOT_CLASS = YES_ERROR;
				CLANG_WARN_RANGE_LOOP_ANALYSIS = YES;
				CLANG_WARN_STRICT_PROTOTYPES = YES;
				CLANG_WARN_SUSPICIOUS_MOVE = YES;
				CLANG_WARN_UNGUARDED_AVAILABILITY = YES_AGGRESSIVE;
				CLANG_WARN_UNREACHABLE_CODE = YES;
				CLANG_WARN__DUPLICATE_METHOD_MATCH = YES;
				CODE_SIGN_IDENTITY = "iPhone Developer";
				COPY_PHASE_STRIP = NO;
				DEBUG_INFORMATION_FORMAT = dwarf;
				ENABLE_STRICT_OBJC_MSGSEND = YES;
				ENABLE_TESTABILITY = YES;
				GCC_C_LANGUAGE_STANDARD = gnu11;
				GCC_DYNAMIC_NO_PIC = NO;
				GCC_NO_COMMON_BLOCKS = YES;
				GCC_OPTIMIZATION_LEVEL = 0;
				GCC_PREPROCESSOR_DEFINITIONS = (
					"DEBUG=1",
					"$(inherited)",
				);
				GCC_WARN_64_TO_32_BIT_CONVERSION = YES;
				GCC_WARN_ABOUT_RETURN_TYPE = YES_ERROR;
				GCC_WARN_UNDECLARED_SELECTOR = YES;
				GCC_WARN_UNINITIALIZED_AUTOS = YES_AGGRESSIVE;
				GCC_WARN_UNUSED_FUNCTION = YES;
				GCC_WARN_UNUSED_VARIABLE = YES;
				IPHONEOS_DEPLOYMENT_TARGET = 12.0;
				MTL_ENABLE_DEBUG_INFO = INCLUDE_SOURCE;
				MTL_FAST_MATH = YES;
				ONLY_ACTIVE_ARCH = YES;
				SDKROOT = iphoneos;
				SWIFT_ACTIVE_COMPILATION_CONDITIONS = DEBUG;
				SWIFT_OPTIMIZATION_LEVEL = "-Onone";
			};
			name = Debug;
		};
		750268B721FF6E6C00664237 /* Release */ = {
			isa = XCBuildConfiguration;
			buildSettings = {
				ALWAYS_SEARCH_USER_PATHS = NO;
				CLANG_ANALYZER_NONNULL = YES;
				CLANG_ANALYZER_NUMBER_OBJECT_CONVERSION = YES_AGGRESSIVE;
				CLANG_CXX_LANGUAGE_STANDARD = "gnu++14";
				CLANG_CXX_LIBRARY = "libc++";
				CLANG_ENABLE_MODULES = YES;
				CLANG_ENABLE_OBJC_ARC = YES;
				CLANG_ENABLE_OBJC_WEAK = YES;
				CLANG_WARN_BLOCK_CAPTURE_AUTORELEASING = YES;
				CLANG_WARN_BOOL_CONVERSION = YES;
				CLANG_WARN_COMMA = YES;
				CLANG_WARN_CONSTANT_CONVERSION = YES;
				CLANG_WARN_DEPRECATED_OBJC_IMPLEMENTATIONS = YES;
				CLANG_WARN_DIRECT_OBJC_ISA_USAGE = YES_ERROR;
				CLANG_WARN_DOCUMENTATION_COMMENTS = YES;
				CLANG_WARN_EMPTY_BODY = YES;
				CLANG_WARN_ENUM_CONVERSION = YES;
				CLANG_WARN_INFINITE_RECURSION = YES;
				CLANG_WARN_INT_CONVERSION = YES;
				CLANG_WARN_NON_LITERAL_NULL_CONVERSION = YES;
				CLANG_WARN_OBJC_IMPLICIT_RETAIN_SELF = YES;
				CLANG_WARN_OBJC_LITERAL_CONVERSION = YES;
				CLANG_WARN_OBJC_ROOT_CLASS = YES_ERROR;
				CLANG_WARN_RANGE_LOOP_ANALYSIS = YES;
				CLANG_WARN_STRICT_PROTOTYPES = YES;
				CLANG_WARN_SUSPICIOUS_MOVE = YES;
				CLANG_WARN_UNGUARDED_AVAILABILITY = YES_AGGRESSIVE;
				CLANG_WARN_UNREACHABLE_CODE = YES;
				CLANG_WARN__DUPLICATE_METHOD_MATCH = YES;
				CODE_SIGN_IDENTITY = "iPhone Developer";
				COPY_PHASE_STRIP = NO;
				DEBUG_INFORMATION_FORMAT = "dwarf-with-dsym";
				ENABLE_NS_ASSERTIONS = NO;
				ENABLE_STRICT_OBJC_MSGSEND = YES;
				GCC_C_LANGUAGE_STANDARD = gnu11;
				GCC_NO_COMMON_BLOCKS = YES;
				GCC_WARN_64_TO_32_BIT_CONVERSION = YES;
				GCC_WARN_ABOUT_RETURN_TYPE = YES_ERROR;
				GCC_WARN_UNDECLARED_SELECTOR = YES;
				GCC_WARN_UNINITIALIZED_AUTOS = YES_AGGRESSIVE;
				GCC_WARN_UNUSED_FUNCTION = YES;
				GCC_WARN_UNUSED_VARIABLE = YES;
				IPHONEOS_DEPLOYMENT_TARGET = 12.0;
				MTL_ENABLE_DEBUG_INFO = NO;
				MTL_FAST_MATH = YES;
				SDKROOT = iphoneos;
				SWIFT_COMPILATION_MODE = wholemodule;
				SWIFT_OPTIMIZATION_LEVEL = "-O";
				VALIDATE_PRODUCT = YES;
			};
			name = Release;
		};
		750268B921FF6E6C00664237 /* Debug */ = {
			isa = XCBuildConfiguration;
			buildSettings = {
				ASSETCATALOG_COMPILER_APPICON_NAME = AppIcon;
				CODE_SIGN_STYLE = Automatic;
				DEVELOPMENT_TEAM = B4ALR5M7T7;
				INFOPLIST_FILE = AnimationCheckIn/Info.plist;
				LD_RUNPATH_SEARCH_PATHS = (
					"$(inherited)",
					"@executable_path/Frameworks",
				);
				PRODUCT_BUNDLE_IDENTIFIER = Pursuit.AnimationCheckIn;
				PRODUCT_NAME = "$(TARGET_NAME)";
				SWIFT_VERSION = 4.2;
				TARGETED_DEVICE_FAMILY = "1,2";
			};
			name = Debug;
		};
		750268BA21FF6E6C00664237 /* Release */ = {
			isa = XCBuildConfiguration;
			buildSettings = {
				ASSETCATALOG_COMPILER_APPICON_NAME = AppIcon;
				CODE_SIGN_STYLE = Automatic;
				DEVELOPMENT_TEAM = B4ALR5M7T7;
				INFOPLIST_FILE = AnimationCheckIn/Info.plist;
				LD_RUNPATH_SEARCH_PATHS = (
					"$(inherited)",
					"@executable_path/Frameworks",
				);
				PRODUCT_BUNDLE_IDENTIFIER = Pursuit.AnimationCheckIn;
				PRODUCT_NAME = "$(TARGET_NAME)";
				SWIFT_VERSION = 4.2;
				TARGETED_DEVICE_FAMILY = "1,2";
			};
			name = Release;
		};
		750268BC21FF6E6C00664237 /* Debug */ = {
			isa = XCBuildConfiguration;
			buildSettings = {
				ALWAYS_EMBED_SWIFT_STANDARD_LIBRARIES = YES;
				BUNDLE_LOADER = "$(TEST_HOST)";
				CODE_SIGN_STYLE = Automatic;
				DEVELOPMENT_TEAM = B4ALR5M7T7;
				INFOPLIST_FILE = AnimationCheckInTests/Info.plist;
				LD_RUNPATH_SEARCH_PATHS = (
					"$(inherited)",
					"@executable_path/Frameworks",
					"@loader_path/Frameworks",
				);
				PRODUCT_BUNDLE_IDENTIFIER = Pursuit.AnimationCheckInTests;
				PRODUCT_NAME = "$(TARGET_NAME)";
				SWIFT_VERSION = 4.2;
				TARGETED_DEVICE_FAMILY = "1,2";
				TEST_HOST = "$(BUILT_PRODUCTS_DIR)/AnimationCheckIn.app/AnimationCheckIn";
			};
			name = Debug;
		};
		750268BD21FF6E6C00664237 /* Release */ = {
			isa = XCBuildConfiguration;
			buildSettings = {
				ALWAYS_EMBED_SWIFT_STANDARD_LIBRARIES = YES;
				BUNDLE_LOADER = "$(TEST_HOST)";
				CODE_SIGN_STYLE = Automatic;
				DEVELOPMENT_TEAM = B4ALR5M7T7;
				INFOPLIST_FILE = AnimationCheckInTests/Info.plist;
				LD_RUNPATH_SEARCH_PATHS = (
					"$(inherited)",
					"@executable_path/Frameworks",
					"@loader_path/Frameworks",
				);
				PRODUCT_BUNDLE_IDENTIFIER = Pursuit.AnimationCheckInTests;
				PRODUCT_NAME = "$(TARGET_NAME)";
				SWIFT_VERSION = 4.2;
				TARGETED_DEVICE_FAMILY = "1,2";
				TEST_HOST = "$(BUILT_PRODUCTS_DIR)/AnimationCheckIn.app/AnimationCheckIn";
			};
			name = Release;
		};
		750268BF21FF6E6C00664237 /* Debug */ = {
			isa = XCBuildConfiguration;
			buildSettings = {
				ALWAYS_EMBED_SWIFT_STANDARD_LIBRARIES = YES;
				CODE_SIGN_STYLE = Automatic;
				DEVELOPMENT_TEAM = B4ALR5M7T7;
				INFOPLIST_FILE = AnimationCheckInUITests/Info.plist;
				LD_RUNPATH_SEARCH_PATHS = (
					"$(inherited)",
					"@executable_path/Frameworks",
					"@loader_path/Frameworks",
				);
				PRODUCT_BUNDLE_IDENTIFIER = Pursuit.AnimationCheckInUITests;
				PRODUCT_NAME = "$(TARGET_NAME)";
				SWIFT_VERSION = 4.2;
				TARGETED_DEVICE_FAMILY = "1,2";
				TEST_TARGET_NAME = AnimationCheckIn;
			};
			name = Debug;
		};
		750268C021FF6E6C00664237 /* Release */ = {
			isa = XCBuildConfiguration;
			buildSettings = {
				ALWAYS_EMBED_SWIFT_STANDARD_LIBRARIES = YES;
				CODE_SIGN_STYLE = Automatic;
				DEVELOPMENT_TEAM = B4ALR5M7T7;
				INFOPLIST_FILE = AnimationCheckInUITests/Info.plist;
				LD_RUNPATH_SEARCH_PATHS = (
					"$(inherited)",
					"@executable_path/Frameworks",
					"@loader_path/Frameworks",
				);
				PRODUCT_BUNDLE_IDENTIFIER = Pursuit.AnimationCheckInUITests;
				PRODUCT_NAME = "$(TARGET_NAME)";
				SWIFT_VERSION = 4.2;
				TARGETED_DEVICE_FAMILY = "1,2";
				TEST_TARGET_NAME = AnimationCheckIn;
			};
			name = Release;
		};
/* End XCBuildConfiguration section */

/* Begin XCConfigurationList section */
		7502688B21FF6E6B00664237 /* Build configuration list for PBXProject "AnimationCheckIn" */ = {
			isa = XCConfigurationList;
			buildConfigurations = (
				750268B621FF6E6C00664237 /* Debug */,
				750268B721FF6E6C00664237 /* Release */,
			);
			defaultConfigurationIsVisible = 0;
			defaultConfigurationName = Release;
		};
		750268B821FF6E6C00664237 /* Build configuration list for PBXNativeTarget "AnimationCheckIn" */ = {
			isa = XCConfigurationList;
			buildConfigurations = (
				750268B921FF6E6C00664237 /* Debug */,
				750268BA21FF6E6C00664237 /* Release */,
			);
			defaultConfigurationIsVisible = 0;
			defaultConfigurationName = Release;
		};
		750268BB21FF6E6C00664237 /* Build configuration list for PBXNativeTarget "AnimationCheckInTests" */ = {
			isa = XCConfigurationList;
			buildConfigurations = (
				750268BC21FF6E6C00664237 /* Debug */,
				750268BD21FF6E6C00664237 /* Release */,
			);
			defaultConfigurationIsVisible = 0;
			defaultConfigurationName = Release;
		};
		750268BE21FF6E6C00664237 /* Build configuration list for PBXNativeTarget "AnimationCheckInUITests" */ = {
			isa = XCConfigurationList;
			buildConfigurations = (
				750268BF21FF6E6C00664237 /* Debug */,
				750268C021FF6E6C00664237 /* Release */,
			);
			defaultConfigurationIsVisible = 0;
			defaultConfigurationName = Release;
		};
/* End XCConfigurationList section */
	};
	rootObject = 7502688821FF6E6B00664237 /* Project object */;
}
